github.com/bsm/ginkgo/v2 v2.5.0 h1:aOAnND1T40wEdAtkGSkvSICWeQ8L3UASX7YVCqQx+eQ=
github.com/bsm/ginkgo/v2 v2.5.0/go.mod h1:AiKlXPm7ItEHNc/2+OkrNG4E0ITzojb9/xWzvQ9XZ9w=
github.com/bsm/gomega v1.20.0 h1:JhAwLmtRzXFTx2AkALSLa8ijZafntmhSoU63Ok18Uq8=
github.com/bsm/gomega v1.20.0/go.mod h1:JifAceMQ4crZIWYUKrlGcmbN3bqHogVTADMD2ATsbwk=
github.com/bsm/pool v0.9.0 h1:1OqGf+yjqYkkAUkBgGlet37N59wEdbHubd09giXBmX4=
github.com/bsm/pool v0.9.0/go.mod h1:rf2pi6Fs1MWF+5WCqJSd89zEVWB6qrXRfDsEJBjjgqM=
